
Microsoft Visual Studio Solution File, Format Version 12.00
# Visual Studio Version 17
VisualStudioVersion = 17.2.32317.152
MinimumVisualStudioVersion = 10.0.40219.1
Project("{9A19103F-16F7-4668-BE54-9A1E7A4F7556}") = "BlazorApp1.Server", "BlazorApp1\Server\BlazorApp1.Server.csproj", "{508CAACA-0DBB-40BA-B884-74D1FBDD69A6}"
EndProject
Project("{9A19103F-16F7-4668-BE54-9A1E7A4F7556}") = "BlazorApp1.Client", "BlazorApp1\Client\BlazorApp1.Client.csproj", "{1E8D0AD1-512B-4E8C-8DFE-8AA32A2D4AA1}"
EndProject
Project("{9A19103F-16F7-4668-BE54-9A1E7A4F7556}") = "BlazorApp1.Shared", "BlazorApp1\Shared\BlazorApp1.Shared.csproj", "{D1B96F78-670F-461E-BD27-5C9D9CB35ED8}"
EndProject
Global
	GlobalSection(SolutionConfigurationPlatforms) = preSolution
		Debug|Any CPU = Debug|Any CPU
		Release|Any CPU = Release|Any CPU
	EndGlobalSection
	GlobalSection(ProjectConfigurationPlatforms) = postSolution
		{508CAACA-0DBB-40BA-B884-74D1FBDD69A6}.Debug|Any CPU.ActiveCfg = Debug|Any CPU
		{508CAACA-0DBB-40BA-B884-74D1FBDD69A6}.Debug|Any CPU.Build.0 = Debug|Any CPU
		{508CAACA-0DBB-40BA-B884-74D1FBDD69A6}.Release|Any CPU.ActiveCfg = Release|Any CPU
		{508CAACA-0DBB-40BA-B884-74D1FBDD69A6}.Release|Any CPU.Build.0 = Release|Any CPU
		{1E8D0AD1-512B-4E8C-8DFE-8AA32A2D4AA1}.Debug|Any CPU.ActiveCfg = Debug|Any CPU
		{1E8D0AD1-512B-4E8C-8DFE-8AA32A2D4AA1}.Debug|Any CPU.Build.0 = Debug|Any CPU
		{1E8D0AD1-512B-4E8C-8DFE-8AA32A2D4AA1}.Release|Any CPU.ActiveCfg = Release|Any CPU
		{1E8D0AD1-512B-4E8C-8DFE-8AA32A2D4AA1}.Release|Any CPU.Build.0 = Release|Any CPU
		{D1B96F78-670F-461E-BD27-5C9D9CB35ED8}.Debug|Any CPU.ActiveCfg = Debug|Any CPU
		{D1B96F78-670F-461E-BD27-5C9D9CB35ED8}.Debug|Any CPU.Build.0 = Debug|Any CPU
		{D1B96F78-670F-461E-BD27-5C9D9CB35ED8}.Release|Any CPU.ActiveCfg = Release|Any CPU
		{D1B96F78-670F-461E-BD27-5C9D9CB35ED8}.Release|Any CPU.Build.0 = Release|Any CPU
	EndGlobalSection
	GlobalSection(SolutionProperties) = preSolution
		HideSolutionNode = FALSE
	EndGlobalSection
	GlobalSection(ExtensibilityGlobals) = postSolution
		SolutionGuid = {2A3A877E-0855-4052-B8C1-E81CE2E8C076}
	EndGlobalSection
EndGlobal
